
Microsoft Visual Studio Solution File, Format Version 12.00
# Visual Studio Version 17
VisualStudioVersion = 17.10.34928.147
MinimumVisualStudioVersion = 10.0.40219.1
Project("{FAE04EC0-301F-11D3-BF4B-00C04F79EFBC}") = "SortedListApp", "SortedListApp\SortedListApp.csproj", "{2B3D4A62-BB96-472D-8AFA-29123FF884F9}"
EndProject
Global
	GlobalSection(SolutionConfigurationPlatforms) = preSolution
		Debug|Any CPU = Debug|Any CPU
		Release|Any CPU = Release|Any CPU
	EndGlobalSection
	GlobalSection(ProjectConfigurationPlatforms) = postSolution
		{2B3D4A62-BB96-472D-8AFA-29123FF884F9}.Debug|Any CPU.ActiveCfg = Debug|Any CPU
		{2B3D4A62-BB96-472D-8AFA-29123FF884F9}.Debug|Any CPU.Build.0 = Debug|Any CPU
		{2B3D4A62-BB96-472D-8AFA-29123FF884F9}.Release|Any CPU.ActiveCfg = Release|Any CPU
		{2B3D4A62-BB96-472D-8AFA-29123FF884F9}.Release|Any CPU.Build.0 = Release|Any CPU
	EndGlobalSection
	GlobalSection(SolutionProperties) = preSolution
		HideSolutionNode = FALSE
	EndGlobalSection
	GlobalSection(ExtensibilityGlobals) = postSolution
		SolutionGuid = {DFEC1C60-295E-40F6-A96C-8C9D258107EC}
	EndGlobalSection
EndGlobal
